
Microsoft Visual Studio Solution File, Format Version 12.00
# Visual Studio Version 17
VisualStudioVersion = 17.2.32630.192
MinimumVisualStudioVersion = 10.0.40219.1
Project("{FAE04EC0-301F-11D3-BF4B-00C04F79EFBC}") = "EmotionsWPF", "EmotionsWPF\EmotionsWPF.csproj", "{B506A721-1D63-4743-B59A-D4CFDFEAC387}"
EndProject
Global
	GlobalSection(SolutionConfigurationPlatforms) = preSolution
		Debug|Any CPU = Debug|Any CPU
		Release|Any CPU = Release|Any CPU
	EndGlobalSection
	GlobalSection(ProjectConfigurationPlatforms) = postSolution
		{B506A721-1D63-4743-B59A-D4CFDFEAC387}.Debug|Any CPU.ActiveCfg = Debug|Any CPU
		{B506A721-1D63-4743-B59A-D4CFDFEAC387}.Debug|Any CPU.Build.0 = Debug|Any CPU
		{B506A721-1D63-4743-B59A-D4CFDFEAC387}.Release|Any CPU.ActiveCfg = Release|Any CPU
		{B506A721-1D63-4743-B59A-D4CFDFEAC387}.Release|Any CPU.Build.0 = Release|Any CPU
	EndGlobalSection
	GlobalSection(SolutionProperties) = preSolution
		HideSolutionNode = FALSE
	EndGlobalSection
	GlobalSection(ExtensibilityGlobals) = postSolution
		SolutionGuid = {4C0CFCC1-EFE3-4BF8-90BB-E8EFDD33D473}
	EndGlobalSection
EndGlobal
